
Microsoft Visual Studio Solution File, Format Version 12.00
# Visual Studio Version 17
VisualStudioVersion = 17.5.002.0
MinimumVisualStudioVersion = 10.0.40219.1
Project("{9A19103F-16F7-4668-BE54-9A1E7A4F7556}") = "TodoBackend", "TodoBackend.csproj", "{AACDF226-EC32-4493-8863-3C60B15713E1}"
EndProject
Global
	GlobalSection(SolutionConfigurationPlatforms) = preSolution
		Debug|Any CPU = Debug|Any CPU
		Release|Any CPU = Release|Any CPU
	EndGlobalSection
	GlobalSection(ProjectConfigurationPlatforms) = postSolution
		{AACDF226-EC32-4493-8863-3C60B15713E1}.Debug|Any CPU.ActiveCfg = Debug|Any CPU
		{AACDF226-EC32-4493-8863-3C60B15713E1}.Debug|Any CPU.Build.0 = Debug|Any CPU
		{AACDF226-EC32-4493-8863-3C60B15713E1}.Release|Any CPU.ActiveCfg = Release|Any CPU
		{AACDF226-EC32-4493-8863-3C60B15713E1}.Release|Any CPU.Build.0 = Release|Any CPU
	EndGlobalSection
	GlobalSection(SolutionProperties) = preSolution
		HideSolutionNode = FALSE
	EndGlobalSection
	GlobalSection(ExtensibilityGlobals) = postSolution
		SolutionGuid = {2EC1C65B-9751-432C-9ED5-8615447A3CE4}
	EndGlobalSection
EndGlobal
